{
  "object": {
    "pins": [
      {
        "package": "PrivateProtocolBuffer",
        "repositoryURL": "https://github.com/PrivateFrameworks/ProtocolBuffer",
        "state": {
          "branch": null,
          "revision": "d4c569d9ce5e146e9185ebc056fdbaaf9784ec5d",
          "version": "0.1.1"
        }
      }
    ]
  },
  "version": 1
}
